{
  "requires": true,
  "lockfileVersion": 1,
  "dependencies": {
    "easytimer.js": {
      "version": "3.0.1",
      "resolved": "https://registry.npmjs.org/easytimer.js/-/easytimer.js-3.0.1.tgz",
      "integrity": "sha512-vATrNn45VMQ1rNA2akLH+DhchPwQWZjjsTEcRq9kyYICE9FILM8DHgbYvqzLx/PytW05REeDjXDIFFCP+Hobwg=="
    },
    "jquery": {
      "version": "3.3.1",
      "resolved": "https://registry.npmjs.org/jquery/-/jquery-3.3.1.tgz",
      "integrity": "sha512-Ubldcmxp5np52/ENotGxlLe6aGMvmF4R8S6tZjsP6Knsaxd/xp3Zrh50cG93lR6nPXyUFwzN3ZSOQI0wRJNdGg=="
    }
  }
}
